// !$*UTF8*$!
{
	archiveVersion = 1;
	classes = {
	};
	objectVersion = 46;
	objects = {

/* Begin PBXBuildFile section */
		C47668291AEF0375002C49DD /* AppDelegate.swift in Sources */ = {isa = PBXBuildFile; fileRef = C47668281AEF0375002C49DD /* AppDelegate.swift */; };
		C476682B1AEF0375002C49DD /* ViewController.swift in Sources */ = {isa = PBXBuildFile; fileRef = C476682A1AEF0375002C49DD /* ViewController.swift */; };
		C476682E1AEF0375002C49DD /* Main.storyboard in Resources */ = {isa = PBXBuildFile; fileRef = C476682C1AEF0375002C49DD /* Main.storyboard */; };
		C47668301AEF0375002C49DD /* Images.xcassets in Resources */ = {isa = PBXBuildFile; fileRef = C476682F1AEF0375002C49DD /* Images.xcassets */; };
		C47668331AEF0375002C49DD /* LaunchScreen.xib in Resources */ = {isa = PBXBuildFile; fileRef = C47668311AEF0375002C49DD /* LaunchScreen.xib */; };
		C476683F1AEF0375002C49DD /* calculatorTests.swift in Sources */ = {isa = PBXBuildFile; fileRef = C476683E1AEF0375002C49DD /* calculatorTests.swift */; };
/* End PBXBuildFile section */

/* Begin PBXContainerItemProxy section */
		C47668391AEF0375002C49DD /* PBXContainerItemProxy */ = {
			isa = PBXContainerItemProxy;
			containerPortal = C476681B1AEF0375002C49DD /* Project object */;
			proxyType = 1;
			remoteGlobalIDString = C47668221AEF0375002C49DD;
			remoteInfo = calculator;
		};
/* End PBXContainerItemProxy section */

/* Begin PBXFileReference section */
		C47668231AEF0375002C49DD /* calculator.app */ = {isa = PBXFileReference; explicitFileType = wrapper.application; includeInIndex = 0; path = calculator.app; sourceTree = BUILT_PRODUCTS_DIR; };
		C47668271AEF0375002C49DD /* Info.plist */ = {isa = PBXFileReference; lastKnownFileType = text.plist.xml; path = Info.plist; sourceTree = "<group>"; };
		C47668281AEF0375002C49DD /* AppDelegate.swift */ = {isa = PBXFileReference; lastKnownFileType = sourcecode.swift; path = AppDelegate.swift; sourceTree = "<group>"; };
		C476682A1AEF0375002C49DD /* ViewController.swift */ = {isa = PBXFileReference; lastKnownFileType = sourcecode.swift; path = ViewController.swift; sourceTree = "<group>"; };
		C476682D1AEF0375002C49DD /* Base */ = {isa = PBXFileReference; lastKnownFileType = file.storyboard; name = Base; path = Base.lproj/Main.storyboard; sourceTree = "<group>"; };
		C476682F1AEF0375002C49DD /* Images.xcassets */ = {isa = PBXFileReference; lastKnownFileType = folder.assetcatalog; path = Images.xcassets; sourceTree = "<group>"; };
		C47668321AEF0375002C49DD /* Base */ = {isa = PBXFileReference; lastKnownFileType = file.xib; name = Base; path = Base.lproj/LaunchScreen.xib; sourceTree = "<group>"; };
		C47668381AEF0375002C49DD /* calculatorTests.xctest */ = {isa = PBXFileReference; explicitFileType = wrapper.cfbundle; includeInIndex = 0; path = calculatorTests.xctest; sourceTree = BUILT_PRODUCTS_DIR; };
		C476683D1AEF0375002C49DD /* Info.plist */ = {isa = PBXFileReference; lastKnownFileType = text.plist.xml; path = Info.plist; sourceTree = "<group>"; };
		C476683E1AEF0375002C49DD /* calculatorTests.swift */ = {isa = PBXFileReference; lastKnownFileType = sourcecode.swift; path = calculatorTests.swift; sourceTree = "<group>"; };
/* End PBXFileReference section */

/* Begin PBXFrameworksBuildPhase section */
		C47668201AEF0375002C49DD /* Frameworks */ = {
			isa = PBXFrameworksBuildPhase;
			buildActionMask = 2147483647;
			files = (
			);
			runOnlyForDeploymentPostprocessing = 0;
		};
		C47668351AEF0375002C49DD /* Frameworks */ = {
			isa = PBXFrameworksBuildPhase;
			buildActionMask = 2147483647;
			files = (
			);
			runOnlyForDeploymentPostprocessing = 0;
		};
/* End PBXFrameworksBuildPhase section */

/* Begin PBXGroup section */
		C476681A1AEF0375002C49DD = {
			isa = PBXGroup;
			children = (
				C47668251AEF0375002C49DD /* calculator */,
				C476683B1AEF0375002C49DD /* calculatorTests */,
				C47668241AEF0375002C49DD /* Products */,
			);
			sourceTree = "<group>";
		};
		C47668241AEF0375002C49DD /* Products */ = {
			isa = PBXGroup;
			children = (
				C47668231AEF0375002C49DD /* calculator.app */,
				C47668381AEF0375002C49DD /* calculatorTests.xctest */,
			);
			name = Products;
			sourceTree = "<group>";
		};
		C47668251AEF0375002C49DD /* calculator */ = {
			isa = PBXGroup;
			children = (
				C47668281AEF0375002C49DD /* AppDelegate.swift */,
				C476682A1AEF0375002C49DD /* ViewController.swift */,
				C476682C1AEF0375002C49DD /* Main.storyboard */,
				C476682F1AEF0375002C49DD /* Images.xcassets */,
				C47668311AEF0375002C49DD /* LaunchScreen.xib */,
				C47668261AEF0375002C49DD /* Supporting Files */,
			);
			path = calculator;
			sourceTree = "<group>";
		};
		C47668261AEF0375002C49DD /* Supporting Files */ = {
			isa = PBXGroup;
			children = (
				C47668271AEF0375002C49DD /* Info.plist */,
			);
			name = "Supporting Files";
			sourceTree = "<group>";
		};
		C476683B1AEF0375002C49DD /* calculatorTests */ = {
			isa = PBXGroup;
			children = (
				C476683E1AEF0375002C49DD /* calculatorTests.swift */,
				C476683C1AEF0375002C49DD /* Supporting Files */,
			);
			path = calculatorTests;
			sourceTree = "<group>";
		};
		C476683C1AEF0375002C49DD /* Supporting Files */ = {
			isa = PBXGroup;
			children = (
				C476683D1AEF0375002C49DD /* Info.plist */,
			);
			name = "Supporting Files";
			sourceTree = "<group>";
		};
/* End PBXGroup section */

/* Begin PBXNativeTarget section */
		C47668221AEF0375002C49DD /* calculator */ = {
			isa = PBXNativeTarget;
			buildConfigurationList = C47668421AEF0375002C49DD /* Build configuration list for PBXNativeTarget "calculator" */;
			buildPhases = (
				C476681F1AEF0375002C49DD /* Sources */,
				C47668201AEF0375002C49DD /* Frameworks */,
				C47668211AEF0375002C49DD /* Resources */,
			);
			buildRules = (
			);
			dependencies = (
			);
			name = calculator;
			productName = calculator;
			productReference = C47668231AEF0375002C49DD /* calculator.app */;
			productType = "com.apple.product-type.application";
		};
		C47668371AEF0375002C49DD /* calculatorTests */ = {
			isa = PBXNativeTarget;
			buildConfigurationList = C47668451AEF0375002C49DD /* Build configuration list for PBXNativeTarget "calculatorTests" */;
			buildPhases = (
				C47668341AEF0375002C49DD /* Sources */,
				C47668351AEF0375002C49DD /* Frameworks */,
				C47668361AEF0375002C49DD /* Resources */,
			);
			buildRules = (
			);
			dependencies = (
				C476683A1AEF0375002C49DD /* PBXTargetDependency */,
			);
			name = calculatorTests;
			productName = calculatorTests;
			productReference = C47668381AEF0375002C49DD /* calculatorTests.xctest */;
			productType = "com.apple.product-type.bundle.unit-test";
		};
/* End PBXNativeTarget section */

/* Begin PBXProject section */
		C476681B1AEF0375002C49DD /* Project object */ = {
			isa = PBXProject;
			attributes = {
				LastUpgradeCheck = 0630;
				ORGANIZATIONNAME = "Kyle Luce";
				TargetAttributes = {
					C47668221AEF0375002C49DD = {
						CreatedOnToolsVersion = 6.3.1;
					};
					C47668371AEF0375002C49DD = {
						CreatedOnToolsVersion = 6.3.1;
						TestTargetID = C47668221AEF0375002C49DD;
					};
				};
			};
			buildConfigurationList = C476681E1AEF0375002C49DD /* Build configuration list for PBXProject "calculator" */;
			compatibilityVersion = "Xcode 3.2";
			developmentRegion = English;
			hasScannedForEncodings = 0;
			knownRegions = (
				en,
				Base,
			);
			mainGroup = C476681A1AEF0375002C49DD;
			productRefGroup = C47668241AEF0375002C49DD /* Products */;
			projectDirPath = "";
			projectRoot = "";
			targets = (
				C47668221AEF0375002C49DD /* calculator */,
				C47668371AEF0375002C49DD /* calculatorTests */,
			);
		};
/* End PBXProject section */

/* Begin PBXResourcesBuildPhase section */
		C47668211AEF0375002C49DD /* Resources */ = {
			isa = PBXResourcesBuildPhase;
			buildActionMask = 2147483647;
			files = (
				C476682E1AEF0375002C49DD /* Main.storyboard in Resources */,
				C47668331AEF0375002C49DD /* LaunchScreen.xib in Resources */,
				C47668301AEF0375002C49DD /* Images.xcassets in Resources */,
			);
			runOnlyForDeploymentPostprocessing = 0;
		};
		C47668361AEF0375002C49DD /* Resources */ = {
			isa = PBXResourcesBuildPhase;
			buildActionMask = 2147483647;
			files = (
			);
			runOnlyForDeploymentPostprocessing = 0;
		};
/* End PBXResourcesBuildPhase section */

/* Begin PBXSourcesBuildPhase section */
		C476681F1AEF0375002C49DD /* Sources */ = {
			isa = PBXSourcesBuildPhase;
			buildActionMask = 2147483647;
			files = (
				C476682B1AEF0375002C49DD /* ViewController.swift in Sources */,
				C47668291AEF0375002C49DD /* AppDelegate.swift in Sources */,
			);
			runOnlyForDeploymentPostprocessing = 0;
		};
		C47668341AEF0375002C49DD /* Sources */ = {
			isa = PBXSourcesBuildPhase;
			buildActionMask = 2147483647;
			files = (
				C476683F1AEF0375002C49DD /* calculatorTests.swift in Sources */,
			);
			runOnlyForDeploymentPostprocessing = 0;
		};
/* End PBXSourcesBuildPhase section */

/* Begin PBXTargetDependency section */
		C476683A1AEF0375002C49DD /* PBXTargetDependency */ = {
			isa = PBXTargetDependency;
			target = C47668221AEF0375002C49DD /* calculator */;
			targetProxy = C47668391AEF0375002C49DD /* PBXContainerItemProxy */;
		};
/* End PBXTargetDependency section */

/* Begin PBXVariantGroup section */
		C476682C1AEF0375002C49DD /* Main.storyboard */ = {
			isa = PBXVariantGroup;
			children = (
				C476682D1AEF0375002C49DD /* Base */,
			);
			name = Main.storyboard;
			sourceTree = "<group>";
		};
		C47668311AEF0375002C49DD /* LaunchScreen.xib */ = {
			isa = PBXVariantGroup;
			children = (
				C47668321AEF0375002C49DD /* Base */,
			);
			name = LaunchScreen.xib;
			sourceTree = "<group>";
		};
/* End PBXVariantGroup section */

/* Begin XCBuildConfiguration section */
		C47668401AEF0375002C49DD /* Debug */ = {
			isa = XCBuildConfiguration;
			buildSettings = {
				ALWAYS_SEARCH_USER_PATHS = NO;
				CLANG_CXX_LANGUAGE_STANDARD = "gnu++0x";
				CLANG_CXX_LIBRARY = "libc++";
				CLANG_ENABLE_MODULES = YES;
				CLANG_ENABLE_OBJC_ARC = YES;
				CLANG_WARN_BOOL_CONVERSION = YES;
				CLANG_WARN_CONSTANT_CONVERSION = YES;
				CLANG_WARN_DIRECT_OBJC_ISA_USAGE = YES_ERROR;
				CLANG_WARN_EMPTY_BODY = YES;
				CLANG_WARN_ENUM_CONVERSION = YES;
				CLANG_WARN_INT_CONVERSION = YES;
				CLANG_WARN_OBJC_ROOT_CLASS = YES_ERROR;
				CLANG_WARN_UNREACHABLE_CODE = YES;
				CLANG_WARN__DUPLICATE_METHOD_MATCH = YES;
				"CODE_SIGN_IDENTITY[sdk=iphoneos*]" = "iPhone Developer";
				COPY_PHASE_STRIP = NO;
				DEBUG_INFORMATION_FORMAT = "dwarf-with-dsym";
				ENABLE_STRICT_OBJC_MSGSEND = YES;
				GCC_C_LANGUAGE_STANDARD = gnu99;
				GCC_DYNAMIC_NO_PIC = NO;
				GCC_NO_COMMON_BLOCKS = YES;
				GCC_OPTIMIZATION_LEVEL = 0;
				GCC_PREPROCESSOR_DEFINITIONS = (
					"DEBUG=1",
					"$(inherited)",
				);
				GCC_SYMBOLS_PRIVATE_EXTERN = NO;
				GCC_WARN_64_TO_32_BIT_CONVERSION = YES;
				GCC_WARN_ABOUT_RETURN_TYPE = YES_ERROR;
				GCC_WARN_UNDECLARED_SELECTOR = YES;
				GCC_WARN_UNINITIALIZED_AUTOS = YES_AGGRESSIVE;
				GCC_WARN_UNUSED_FUNCTION = YES;
				GCC_WARN_UNUSED_VARIABLE = YES;
				IPHONEOS_DEPLOYMENT_TARGET = 8.3;
				MTL_ENABLE_DEBUG_INFO = YES;
				ONLY_ACTIVE_ARCH = YES;
				SDKROOT = iphoneos;
				SWIFT_OPTIMIZATION_LEVEL = "-Onone";
				TARGETED_DEVICE_FAMILY = "1,2";
			};
			name = Debug;
		};
		C47668411AEF0375002C49DD /* Release */ = {
			isa = XCBuildConfiguration;
			buildSettings = {
				ALWAYS_SEARCH_USER_PATHS = NO;
				CLANG_CXX_LANGUAGE_STANDARD = "gnu++0x";
				CLANG_CXX_LIBRARY = "libc++";
				CLANG_ENABLE_MODULES = YES;
				CLANG_ENABLE_OBJC_ARC = YES;
				CLANG_WARN_BOOL_CONVERSION = YES;
				CLANG_WARN_CONSTANT_CONVERSION = YES;
				CLANG_WARN_DIRECT_OBJC_ISA_USAGE = YES_ERROR;
				CLANG_WARN_EMPTY_BODY = YES;
				CLANG_WARN_ENUM_CONVERSION = YES;
				CLANG_WARN_INT_CONVERSION = YES;
				CLANG_WARN_OBJC_ROOT_CLASS = YES_ERROR;
				CLANG_WARN_UNREACHABLE_CODE = YES;
				CLANG_WARN__DUPLICATE_METHOD_MATCH = YES;
				"CODE_SIGN_IDENTITY[sdk=iphoneos*]" = "iPhone Developer";
				COPY_PHASE_STRIP = NO;
				DEBUG_INFORMATION_FORMAT = "dwarf-with-dsym";
				ENABLE_NS_ASSERTIONS = NO;
				ENABLE_STRICT_OBJC_MSGSEND = YES;
				GCC_C_LANGUAGE_STANDARD = gnu99;
				GCC_NO_COMMON_BLOCKS = YES;
				GCC_WARN_64_TO_32_BIT_CONVERSION = YES;
				GCC_WARN_ABOUT_RETURN_TYPE = YES_ERROR;
				GCC_WARN_UNDECLARED_SELECTOR = YES;
				GCC_WARN_UNINITIALIZED_AUTOS = YES_AGGRESSIVE;
				GCC_WARN_UNUSED_FUNCTION = YES;
				GCC_WARN_UNUSED_VARIABLE = YES;
				IPHONEOS_DEPLOYMENT_TARGET = 8.3;
				MTL_ENABLE_DEBUG_INFO = NO;
				SDKROOT = iphoneos;
				TARGETED_DEVICE_FAMILY = "1,2";
				VALIDATE_PRODUCT = YES;
			};
			name = Release;
		};
		C47668431AEF0375002C49DD /* Debug */ = {
			isa = XCBuildConfiguration;
			buildSettings = {
				ASSETCATALOG_COMPILER_APPICON_NAME = AppIcon;
				INFOPLIST_FILE = calculator/Info.plist;
				LD_RUNPATH_SEARCH_PATHS = "$(inherited) @executable_path/Frameworks";
				PRODUCT_NAME = "$(TARGET_NAME)";
			};
			name = Debug;
		};
		C47668441AEF0375002C49DD /* Release */ = {
			isa = XCBuildConfiguration;
			buildSettings = {
				ASSETCATALOG_COMPILER_APPICON_NAME = AppIcon;
				INFOPLIST_FILE = calculator/Info.plist;
				LD_RUNPATH_SEARCH_PATHS = "$(inherited) @executable_path/Frameworks";
				PRODUCT_NAME = "$(TARGET_NAME)";
			};
			name = Release;
		};
		C47668461AEF0375002C49DD /* Debug */ = {
			isa = XCBuildConfiguration;
			buildSettings = {
				BUNDLE_LOADER = "$(TEST_HOST)";
				FRAMEWORK_SEARCH_PATHS = (
					"$(SDKROOT)/Developer/Library/Frameworks",
					"$(inherited)",
				);
				GCC_PREPROCESSOR_DEFINITIONS = (
					"DEBUG=1",
					"$(inherited)",
				);
				INFOPLIST_FILE = calculatorTests/Info.plist;
				LD_RUNPATH_SEARCH_PATHS = "$(inherited) @executable_path/Frameworks @loader_path/Frameworks";
				PRODUCT_NAME = "$(TARGET_NAME)";
				TEST_HOST = "$(BUILT_PRODUCTS_DIR)/calculator.app/calculator";
			};
			name = Debug;
		};
		C47668471AEF0375002C49DD /* Release */ = {
			isa = XCBuildConfiguration;
			buildSettings = {
				BUNDLE_LOADER = "$(TEST_HOST)";
				FRAMEWORK_SEARCH_PATHS = (
					"$(SDKROOT)/Developer/Library/Frameworks",
					"$(inherited)",
				);
				INFOPLIST_FILE = calculatorTests/Info.plist;
				LD_RUNPATH_SEARCH_PATHS = "$(inherited) @executable_path/Frameworks @loader_path/Frameworks";
				PRODUCT_NAME = "$(TARGET_NAME)";
				TEST_HOST = "$(BUILT_PRODUCTS_DIR)/calculator.app/calculator";
			};
			name = Release;
		};
/* End XCBuildConfiguration section */

/* Begin XCConfigurationList section */
		C476681E1AEF0375002C49DD /* Build configuration list for PBXProject "calculator" */ = {
			isa = XCConfigurationList;
			buildConfigurations = (
				C47668401AEF0375002C49DD /* Debug */,
				C47668411AEF0375002C49DD /* Release */,
			);
			defaultConfigurationIsVisible = 0;
			defaultConfigurationName = Release;
		};
		C47668421AEF0375002C49DD /* Build configuration list for PBXNativeTarget "calculator" */ = {
			isa = XCConfigurationList;
			buildConfigurations = (
				C47668431AEF0375002C49DD /* Debug */,
				C47668441AEF0375002C49DD /* Release */,
			);
			defaultConfigurationIsVisible = 0;
		};
		C47668451AEF0375002C49DD /* Build configuration list for PBXNativeTarget "calculatorTests" */ = {
			isa = XCConfigurationList;
			buildConfigurations = (
				C47668461AEF0375002C49DD /* Debug */,
				C47668471AEF0375002C49DD /* Release */,
			);
			defaultConfigurationIsVisible = 0;
		};
/* End XCConfigurationList section */
	};
	rootObject = C476681B1AEF0375002C49DD /* Project object */;
}
